
Microsoft Visual Studio Solution File, Format Version 12.00
# Visual Studio Version 16
VisualStudioVersion = 16.0.30011.22
MinimumVisualStudioVersion = 10.0.40219.1
Project("{2150E333-8FDC-42A3-9474-1A3956D46DE8}") = "Src", "Src", "{D3458397-51BE-4C11-A4E0-CAD73DA49C4F}"
EndProject
Project("{2150E333-8FDC-42A3-9474-1A3956D46DE8}") = "Domain", "Domain", "{5092A8FD-BD1A-432B-A6E2-455020E74F94}"
EndProject
Project("{2150E333-8FDC-42A3-9474-1A3956D46DE8}") = "Application", "Application", "{F2721563-00E0-4A8E-ADC1-3F762457F2C3}"
EndProject
Project("{2150E333-8FDC-42A3-9474-1A3956D46DE8}") = "Data", "Data", "{7044361D-FF4D-482A-B00E-F3D412D734C8}"
EndProject
Project("{2150E333-8FDC-42A3-9474-1A3956D46DE8}") = "Infrastructure", "Infrastructure", "{57DDA21C-2578-4584-8F6B-7815F45C0E3B}"
EndProject
Project("{2150E333-8FDC-42A3-9474-1A3956D46DE8}") = "UI", "UI", "{C4477B26-7556-463B-A2DA-CE06C0000813}"
EndProject
Project("{2150E333-8FDC-42A3-9474-1A3956D46DE8}") = "API", "API", "{F1EBEACA-47A7-4772-83B6-F2DC1DDFB7CC}"
EndProject
Project("{9A19103F-16F7-4668-BE54-9A1E7A4F7556}") = "Maersk.Movies.Domain", "Maersk.Movies.Domain\Maersk.Movies.Domain.csproj", "{175D3D98-5E9C-4CC4-974F-041B3B862FA2}"
EndProject
Project("{9A19103F-16F7-4668-BE54-9A1E7A4F7556}") = "Maersk.Movies.Application", "Maersk.Movies.Application\Maersk.Movies.Application.csproj", "{1FDFACDF-29C5-4360-9FF9-0D94E60EF0C5}"
EndProject
Project("{9A19103F-16F7-4668-BE54-9A1E7A4F7556}") = "Maersk.Movies.Data", "Maersk.Movies.Data\Maersk.Movies.Data.csproj", "{FD9C77D2-13CA-4439-B53F-4EF158D22F96}"
EndProject
Project("{2150E333-8FDC-42A3-9474-1A3956D46DE8}") = "Test", "Test", "{5B142A5E-E636-451E-B099-148C92C534F9}"
EndProject
Project("{2150E333-8FDC-42A3-9474-1A3956D46DE8}") = "NewFolder1", "NewFolder1", "{6BFAC285-5B68-4820-B041-C55776483B6F}"
EndProject
Project("{2150E333-8FDC-42A3-9474-1A3956D46DE8}") = "Movies", "Movies", "{D426C683-6105-4FF4-B3C7-968E9227C710}"
EndProject
Project("{FAE04EC0-301F-11D3-BF4B-00C04F79EFBC}") = "Maersk.MovieLocations.Api", "Maersk.MovieLocations.Api\Maersk.MovieLocations.Api.csproj", "{C046E45E-4791-434C-A1E8-D7A4CD502F0F}"
EndProject
Project("{FAE04EC0-301F-11D3-BF4B-00C04F79EFBC}") = "Domain.UnitTest", "Domain.UnitTest\Domain.UnitTest.csproj", "{39E953D9-3E75-489D-A580-72110F1C158C}"
EndProject
Project("{FAE04EC0-301F-11D3-BF4B-00C04F79EFBC}") = "Application.TestCase", "Application.TestCase\Application.TestCase.csproj", "{B1FFA995-5B19-4127-A0CF-163108DE81BC}"
EndProject
Project("{FAE04EC0-301F-11D3-BF4B-00C04F79EFBC}") = "Infrastructure.TestCase", "Infrastructure.TestCase\Infrastructure.TestCase.csproj", "{1A3A25C1-7A03-46EA-AD0C-8BFF3792FF49}"
EndProject
Project("{FAE04EC0-301F-11D3-BF4B-00C04F79EFBC}") = "Data.TestCases", "Data.TestCases\Data.TestCases.csproj", "{14B4A3CF-4A8F-455F-ACDB-69628746A1D1}"
EndProject
Project("{FAE04EC0-301F-11D3-BF4B-00C04F79EFBC}") = "Api.TestCase", "Api.TestCase\Api.TestCase.csproj", "{A8F8320E-14B9-4F94-A2AB-21C978AFEBE3}"
EndProject
Project("{FAE04EC0-301F-11D3-BF4B-00C04F79EFBC}") = "Maersk.Movies.Infrastructure", "Maersk.Movies.Infrastructure\Maersk.Movies.Infrastructure.csproj", "{ED45C2F2-AC80-47C7-A388-FB701715C233}"
EndProject
Global
	GlobalSection(SolutionConfigurationPlatforms) = preSolution
		Debug|Any CPU = Debug|Any CPU
		Release|Any CPU = Release|Any CPU
	EndGlobalSection
	GlobalSection(ProjectConfigurationPlatforms) = postSolution
		{175D3D98-5E9C-4CC4-974F-041B3B862FA2}.Debug|Any CPU.ActiveCfg = Debug|Any CPU
		{175D3D98-5E9C-4CC4-974F-041B3B862FA2}.Debug|Any CPU.Build.0 = Debug|Any CPU
		{175D3D98-5E9C-4CC4-974F-041B3B862FA2}.Release|Any CPU.ActiveCfg = Release|Any CPU
		{175D3D98-5E9C-4CC4-974F-041B3B862FA2}.Release|Any CPU.Build.0 = Release|Any CPU
		{1FDFACDF-29C5-4360-9FF9-0D94E60EF0C5}.Debug|Any CPU.ActiveCfg = Debug|Any CPU
		{1FDFACDF-29C5-4360-9FF9-0D94E60EF0C5}.Debug|Any CPU.Build.0 = Debug|Any CPU
		{1FDFACDF-29C5-4360-9FF9-0D94E60EF0C5}.Release|Any CPU.ActiveCfg = Release|Any CPU
		{1FDFACDF-29C5-4360-9FF9-0D94E60EF0C5}.Release|Any CPU.Build.0 = Release|Any CPU
		{FD9C77D2-13CA-4439-B53F-4EF158D22F96}.Debug|Any CPU.ActiveCfg = Debug|Any CPU
		{FD9C77D2-13CA-4439-B53F-4EF158D22F96}.Debug|Any CPU.Build.0 = Debug|Any CPU
		{FD9C77D2-13CA-4439-B53F-4EF158D22F96}.Release|Any CPU.ActiveCfg = Release|Any CPU
		{FD9C77D2-13CA-4439-B53F-4EF158D22F96}.Release|Any CPU.Build.0 = Release|Any CPU
		{C046E45E-4791-434C-A1E8-D7A4CD502F0F}.Debug|Any CPU.ActiveCfg = Debug|Any CPU
		{C046E45E-4791-434C-A1E8-D7A4CD502F0F}.Debug|Any CPU.Build.0 = Debug|Any CPU
		{C046E45E-4791-434C-A1E8-D7A4CD502F0F}.Release|Any CPU.ActiveCfg = Release|Any CPU
		{C046E45E-4791-434C-A1E8-D7A4CD502F0F}.Release|Any CPU.Build.0 = Release|Any CPU
		{39E953D9-3E75-489D-A580-72110F1C158C}.Debug|Any CPU.ActiveCfg = Debug|Any CPU
		{39E953D9-3E75-489D-A580-72110F1C158C}.Debug|Any CPU.Build.0 = Debug|Any CPU
		{39E953D9-3E75-489D-A580-72110F1C158C}.Release|Any CPU.ActiveCfg = Release|Any CPU
		{39E953D9-3E75-489D-A580-72110F1C158C}.Release|Any CPU.Build.0 = Release|Any CPU
		{B1FFA995-5B19-4127-A0CF-163108DE81BC}.Debug|Any CPU.ActiveCfg = Debug|Any CPU
		{B1FFA995-5B19-4127-A0CF-163108DE81BC}.Debug|Any CPU.Build.0 = Debug|Any CPU
		{B1FFA995-5B19-4127-A0CF-163108DE81BC}.Release|Any CPU.ActiveCfg = Release|Any CPU
		{B1FFA995-5B19-4127-A0CF-163108DE81BC}.Release|Any CPU.Build.0 = Release|Any CPU
		{1A3A25C1-7A03-46EA-AD0C-8BFF3792FF49}.Debug|Any CPU.ActiveCfg = Debug|Any CPU
		{1A3A25C1-7A03-46EA-AD0C-8BFF3792FF49}.Debug|Any CPU.Build.0 = Debug|Any CPU
		{1A3A25C1-7A03-46EA-AD0C-8BFF3792FF49}.Release|Any CPU.ActiveCfg = Release|Any CPU
		{1A3A25C1-7A03-46EA-AD0C-8BFF3792FF49}.Release|Any CPU.Build.0 = Release|Any CPU
		{14B4A3CF-4A8F-455F-ACDB-69628746A1D1}.Debug|Any CPU.ActiveCfg = Debug|Any CPU
		{14B4A3CF-4A8F-455F-ACDB-69628746A1D1}.Debug|Any CPU.Build.0 = Debug|Any CPU
		{14B4A3CF-4A8F-455F-ACDB-69628746A1D1}.Release|Any CPU.ActiveCfg = Release|Any CPU
		{14B4A3CF-4A8F-455F-ACDB-69628746A1D1}.Release|Any CPU.Build.0 = Release|Any CPU
		{A8F8320E-14B9-4F94-A2AB-21C978AFEBE3}.Debug|Any CPU.ActiveCfg = Debug|Any CPU
		{A8F8320E-14B9-4F94-A2AB-21C978AFEBE3}.Debug|Any CPU.Build.0 = Debug|Any CPU
		{A8F8320E-14B9-4F94-A2AB-21C978AFEBE3}.Release|Any CPU.ActiveCfg = Release|Any CPU
		{A8F8320E-14B9-4F94-A2AB-21C978AFEBE3}.Release|Any CPU.Build.0 = Release|Any CPU
		{ED45C2F2-AC80-47C7-A388-FB701715C233}.Debug|Any CPU.ActiveCfg = Debug|Any CPU
		{ED45C2F2-AC80-47C7-A388-FB701715C233}.Debug|Any CPU.Build.0 = Debug|Any CPU
		{ED45C2F2-AC80-47C7-A388-FB701715C233}.Release|Any CPU.ActiveCfg = Release|Any CPU
		{ED45C2F2-AC80-47C7-A388-FB701715C233}.Release|Any CPU.Build.0 = Release|Any CPU
	EndGlobalSection
	GlobalSection(SolutionProperties) = preSolution
		HideSolutionNode = FALSE
	EndGlobalSection
	GlobalSection(NestedProjects) = preSolution
		{5092A8FD-BD1A-432B-A6E2-455020E74F94} = {D3458397-51BE-4C11-A4E0-CAD73DA49C4F}
		{F2721563-00E0-4A8E-ADC1-3F762457F2C3} = {D3458397-51BE-4C11-A4E0-CAD73DA49C4F}
		{7044361D-FF4D-482A-B00E-F3D412D734C8} = {D3458397-51BE-4C11-A4E0-CAD73DA49C4F}
		{57DDA21C-2578-4584-8F6B-7815F45C0E3B} = {D3458397-51BE-4C11-A4E0-CAD73DA49C4F}
		{C4477B26-7556-463B-A2DA-CE06C0000813} = {D3458397-51BE-4C11-A4E0-CAD73DA49C4F}
		{F1EBEACA-47A7-4772-83B6-F2DC1DDFB7CC} = {D3458397-51BE-4C11-A4E0-CAD73DA49C4F}
		{175D3D98-5E9C-4CC4-974F-041B3B862FA2} = {5092A8FD-BD1A-432B-A6E2-455020E74F94}
		{1FDFACDF-29C5-4360-9FF9-0D94E60EF0C5} = {F2721563-00E0-4A8E-ADC1-3F762457F2C3}
		{FD9C77D2-13CA-4439-B53F-4EF158D22F96} = {7044361D-FF4D-482A-B00E-F3D412D734C8}
		{6BFAC285-5B68-4820-B041-C55776483B6F} = {D3458397-51BE-4C11-A4E0-CAD73DA49C4F}
		{D426C683-6105-4FF4-B3C7-968E9227C710} = {F1EBEACA-47A7-4772-83B6-F2DC1DDFB7CC}
		{C046E45E-4791-434C-A1E8-D7A4CD502F0F} = {D426C683-6105-4FF4-B3C7-968E9227C710}
		{39E953D9-3E75-489D-A580-72110F1C158C} = {5B142A5E-E636-451E-B099-148C92C534F9}
		{B1FFA995-5B19-4127-A0CF-163108DE81BC} = {5B142A5E-E636-451E-B099-148C92C534F9}
		{1A3A25C1-7A03-46EA-AD0C-8BFF3792FF49} = {5B142A5E-E636-451E-B099-148C92C534F9}
		{14B4A3CF-4A8F-455F-ACDB-69628746A1D1} = {5B142A5E-E636-451E-B099-148C92C534F9}
		{A8F8320E-14B9-4F94-A2AB-21C978AFEBE3} = {5B142A5E-E636-451E-B099-148C92C534F9}
		{ED45C2F2-AC80-47C7-A388-FB701715C233} = {57DDA21C-2578-4584-8F6B-7815F45C0E3B}
	EndGlobalSection
	GlobalSection(ExtensibilityGlobals) = postSolution
		SolutionGuid = {48953B2C-E8BC-4501-97F5-5876EADB1DC2}
	EndGlobalSection
EndGlobal
